
Microsoft Visual Studio Solution File, Format Version 12.00
# Visual Studio Version 16
VisualStudioVersion = 16.0.32002.261
MinimumVisualStudioVersion = 10.0.40219.1
Project("{2150E333-8FDC-42A3-9474-1A3956D46DE8}") = "Services", "Services", "{62D18A8B-452B-46D9-8434-A820DE855A8C}"
EndProject
Project("{2150E333-8FDC-42A3-9474-1A3956D46DE8}") = "Catalog", "Catalog", "{7A514149-566A-4812-ADBA-FDF87D469C8E}"
EndProject
Project("{FAE04EC0-301F-11D3-BF4B-00C04F79EFBC}") = "Catalog.API", "Catalog.API\Catalog.API.csproj", "{961B9A27-FAD3-4FD6-B135-7D8D841A49E6}"
EndProject
Project("{E53339B2-1760-4266-BCC7-CA923CBCF16C}") = "docker-compose", "docker-compose.dcproj", "{EA0791F8-2F1E-4D31-83C9-8D75B45EE29C}"
EndProject
Global
	GlobalSection(SolutionConfigurationPlatforms) = preSolution
		Debug|Any CPU = Debug|Any CPU
		Release|Any CPU = Release|Any CPU
	EndGlobalSection
	GlobalSection(ProjectConfigurationPlatforms) = postSolution
		{961B9A27-FAD3-4FD6-B135-7D8D841A49E6}.Debug|Any CPU.ActiveCfg = Debug|Any CPU
		{961B9A27-FAD3-4FD6-B135-7D8D841A49E6}.Debug|Any CPU.Build.0 = Debug|Any CPU
		{961B9A27-FAD3-4FD6-B135-7D8D841A49E6}.Release|Any CPU.ActiveCfg = Release|Any CPU
		{961B9A27-FAD3-4FD6-B135-7D8D841A49E6}.Release|Any CPU.Build.0 = Release|Any CPU
		{EA0791F8-2F1E-4D31-83C9-8D75B45EE29C}.Debug|Any CPU.ActiveCfg = Debug|Any CPU
		{EA0791F8-2F1E-4D31-83C9-8D75B45EE29C}.Debug|Any CPU.Build.0 = Debug|Any CPU
		{EA0791F8-2F1E-4D31-83C9-8D75B45EE29C}.Release|Any CPU.ActiveCfg = Release|Any CPU
		{EA0791F8-2F1E-4D31-83C9-8D75B45EE29C}.Release|Any CPU.Build.0 = Release|Any CPU
	EndGlobalSection
	GlobalSection(SolutionProperties) = preSolution
		HideSolutionNode = FALSE
	EndGlobalSection
	GlobalSection(NestedProjects) = preSolution
		{7A514149-566A-4812-ADBA-FDF87D469C8E} = {62D18A8B-452B-46D9-8434-A820DE855A8C}
		{961B9A27-FAD3-4FD6-B135-7D8D841A49E6} = {7A514149-566A-4812-ADBA-FDF87D469C8E}
	EndGlobalSection
	GlobalSection(ExtensibilityGlobals) = postSolution
		SolutionGuid = {9E4789E0-7109-4320-AA44-7AEB1D33BC71}
	EndGlobalSection
EndGlobal
